Microsoft Visual Studio Solution File, Format Version 11.00
# Visual Studio 2008

Project("{4075E4E7-2FC4-98CB-793F-0C0B68E32CFA}") = "Project2VR", "Assembly-CSharp-firstpass.csproj", "{D0A6FCE6-3E09-3EB4-53C8-AA37E9C6001B}"
EndProject
Project("{4075E4E7-2FC4-98CB-793F-0C0B68E32CFA}") = "Project2VR", "Assembly-CSharp.csproj", "{AAA140BB-18F4-E41B-61B4-8B3894A73357}"
EndProject
Project("{4075E4E7-2FC4-98CB-793F-0C0B68E32CFA}") = "Project2VR", "Assembly-CSharp-Editor.csproj", "{C41309DB-38FA-7D64-A9A6-5154B5045A56}"
EndProject
Project("{4075E4E7-2FC4-98CB-793F-0C0B68E32CFA}") = "Project2VR", "Assembly-UnityScript.unityproj", "{A1C2EF01-37C9-FBC1-73E3-9078A0BA5FDE}"
EndProject
Project("{4075E4E7-2FC4-98CB-793F-0C0B68E32CFA}") = "Project2VR", "Assembly-UnityScript-Editor.unityproj", "{B6168D1E-759A-1FA4-86DE-8895E2E77DE7}"
EndProject
Global
	GlobalSection(SolutionConfigurationPlatforms) = preSolution
		Debug|Any CPU = Debug|Any CPU
		Release|Any CPU = Release|Any CPU
	EndGlobalSection
	GlobalSection(ProjectConfigurationPlatforms) = postSolution
		{D0A6FCE6-3E09-3EB4-53C8-AA37E9C6001B}.Debug|Any CPU.ActiveCfg = Debug|Any CPU
		{D0A6FCE6-3E09-3EB4-53C8-AA37E9C6001B}.Debug|Any CPU.Build.0 = Debug|Any CPU
		{D0A6FCE6-3E09-3EB4-53C8-AA37E9C6001B}.Release|Any CPU.ActiveCfg = Release|Any CPU
		{D0A6FCE6-3E09-3EB4-53C8-AA37E9C6001B}.Release|Any CPU.Build.0 = Release|Any CPU
		{AAA140BB-18F4-E41B-61B4-8B3894A73357}.Debug|Any CPU.ActiveCfg = Debug|Any CPU
		{AAA140BB-18F4-E41B-61B4-8B3894A73357}.Debug|Any CPU.Build.0 = Debug|Any CPU
		{AAA140BB-18F4-E41B-61B4-8B3894A73357}.Release|Any CPU.ActiveCfg = Release|Any CPU
		{AAA140BB-18F4-E41B-61B4-8B3894A73357}.Release|Any CPU.Build.0 = Release|Any CPU
		{C41309DB-38FA-7D64-A9A6-5154B5045A56}.Debug|Any CPU.ActiveCfg = Debug|Any CPU
		{C41309DB-38FA-7D64-A9A6-5154B5045A56}.Debug|Any CPU.Build.0 = Debug|Any CPU
		{C41309DB-38FA-7D64-A9A6-5154B5045A56}.Release|Any CPU.ActiveCfg = Release|Any CPU
		{C41309DB-38FA-7D64-A9A6-5154B5045A56}.Release|Any CPU.Build.0 = Release|Any CPU
		{A1C2EF01-37C9-FBC1-73E3-9078A0BA5FDE}.Debug|Any CPU.ActiveCfg = Debug|Any CPU
		{A1C2EF01-37C9-FBC1-73E3-9078A0BA5FDE}.Debug|Any CPU.Build.0 = Debug|Any CPU
		{A1C2EF01-37C9-FBC1-73E3-9078A0BA5FDE}.Release|Any CPU.ActiveCfg = Release|Any CPU
		{A1C2EF01-37C9-FBC1-73E3-9078A0BA5FDE}.Release|Any CPU.Build.0 = Release|Any CPU
		{B6168D1E-759A-1FA4-86DE-8895E2E77DE7}.Debug|Any CPU.ActiveCfg = Debug|Any CPU
		{B6168D1E-759A-1FA4-86DE-8895E2E77DE7}.Debug|Any CPU.Build.0 = Debug|Any CPU
		{B6168D1E-759A-1FA4-86DE-8895E2E77DE7}.Release|Any CPU.ActiveCfg = Release|Any CPU
		{B6168D1E-759A-1FA4-86DE-8895E2E77DE7}.Release|Any CPU.Build.0 = Release|Any CPU
	EndGlobalSection
	GlobalSection(SolutionProperties) = preSolution
		HideSolutionNode = FALSE
	EndGlobalSection
	GlobalSection(MonoDevelopProperties) = preSolution
		StartupItem = Assembly-CSharp.csproj
	EndGlobalSection
EndGlobal
